
Microsoft Visual Studio Solution File, Format Version 10.00
# Visual Studio 2008
Project("{FAE04EC0-301F-11D3-BF4B-00C04F79EFBC}") = "DotNet.Framework.Common", "DotNet.Framework.Common\DotNet.Framework.Common.csproj", "{38E3620E-8481-4CE3-80E5-6C1236BD4E51}"
EndProject
Global
	GlobalSection(SolutionConfigurationPlatforms) = preSolution
		Debug|Any CPU = Debug|Any CPU
		Release|Any CPU = Release|Any CPU
	EndGlobalSection
	GlobalSection(ProjectConfigurationPlatforms) = postSolution
		{38E3620E-8481-4CE3-80E5-6C1236BD4E51}.Debug|Any CPU.ActiveCfg = Debug|Any CPU
		{38E3620E-8481-4CE3-80E5-6C1236BD4E51}.Debug|Any CPU.Build.0 = Debug|Any CPU
		{38E3620E-8481-4CE3-80E5-6C1236BD4E51}.Release|Any CPU.ActiveCfg = Release|Any CPU
		{38E3620E-8481-4CE3-80E5-6C1236BD4E51}.Release|Any CPU.Build.0 = Release|Any CPU
	EndGlobalSection
	GlobalSection(SolutionProperties) = preSolution
		HideSolutionNode = FALSE
	EndGlobalSection
EndGlobal
