
Microsoft Visual Studio Solution File, Format Version 11.00
# Visual Studio 2010
Project("{FAE04EC0-301F-11D3-BF4B-00C04F79EFBC}") = "IpInfo.Win", "IpInfo.Win\IpInfo.Win.csproj", "{1036EC44-92E3-4EED-86EE-475D4BF6FA84}"
EndProject
Project("{FAE04EC0-301F-11D3-BF4B-00C04F79EFBC}") = "IpInfo.Core", "IpInfo.Core\IpInfo.Core.csproj", "{63C33D8B-A4CE-48F3-8756-A974F4C0587A}"
EndProject
Project("{FAE04EC0-301F-11D3-BF4B-00C04F79EFBC}") = "IpInfo.Web", "IpInfo.Web\IpInfo.Web.csproj", "{19F1F910-5EB4-42F5-B0B1-8BBA67EABEB5}"
EndProject
Global
	GlobalSection(SolutionConfigurationPlatforms) = preSolution
		Debug|Any CPU = Debug|Any CPU
		Debug|Mixed Platforms = Debug|Mixed Platforms
		Debug|x86 = Debug|x86
		Release|Any CPU = Release|Any CPU
		Release|Mixed Platforms = Release|Mixed Platforms
		Release|x86 = Release|x86
	EndGlobalSection
	GlobalSection(ProjectConfigurationPlatforms) = postSolution
		{1036EC44-92E3-4EED-86EE-475D4BF6FA84}.Debug|Any CPU.ActiveCfg = Debug|x86
		{1036EC44-92E3-4EED-86EE-475D4BF6FA84}.Debug|Mixed Platforms.ActiveCfg = Debug|x86
		{1036EC44-92E3-4EED-86EE-475D4BF6FA84}.Debug|Mixed Platforms.Build.0 = Debug|x86
		{1036EC44-92E3-4EED-86EE-475D4BF6FA84}.Debug|x86.ActiveCfg = Debug|x86
		{1036EC44-92E3-4EED-86EE-475D4BF6FA84}.Debug|x86.Build.0 = Debug|x86
		{1036EC44-92E3-4EED-86EE-475D4BF6FA84}.Release|Any CPU.ActiveCfg = Release|x86
		{1036EC44-92E3-4EED-86EE-475D4BF6FA84}.Release|Mixed Platforms.ActiveCfg = Release|x86
		{1036EC44-92E3-4EED-86EE-475D4BF6FA84}.Release|Mixed Platforms.Build.0 = Release|x86
		{1036EC44-92E3-4EED-86EE-475D4BF6FA84}.Release|x86.ActiveCfg = Release|x86
		{1036EC44-92E3-4EED-86EE-475D4BF6FA84}.Release|x86.Build.0 = Release|x86
		{63C33D8B-A4CE-48F3-8756-A974F4C0587A}.Debug|Any CPU.ActiveCfg = Debug|Any CPU
		{63C33D8B-A4CE-48F3-8756-A974F4C0587A}.Debug|Any CPU.Build.0 = Debug|Any CPU
		{63C33D8B-A4CE-48F3-8756-A974F4C0587A}.Debug|Mixed Platforms.ActiveCfg = Debug|Any CPU
		{63C33D8B-A4CE-48F3-8756-A974F4C0587A}.Debug|Mixed Platforms.Build.0 = Debug|Any CPU
		{63C33D8B-A4CE-48F3-8756-A974F4C0587A}.Debug|x86.ActiveCfg = Debug|Any CPU
		{63C33D8B-A4CE-48F3-8756-A974F4C0587A}.Release|Any CPU.ActiveCfg = Release|Any CPU
		{63C33D8B-A4CE-48F3-8756-A974F4C0587A}.Release|Any CPU.Build.0 = Release|Any CPU
		{63C33D8B-A4CE-48F3-8756-A974F4C0587A}.Release|Mixed Platforms.ActiveCfg = Release|Any CPU
		{63C33D8B-A4CE-48F3-8756-A974F4C0587A}.Release|Mixed Platforms.Build.0 = Release|Any CPU
		{63C33D8B-A4CE-48F3-8756-A974F4C0587A}.Release|x86.ActiveCfg = Release|Any CPU
		{19F1F910-5EB4-42F5-B0B1-8BBA67EABEB5}.Debug|Any CPU.ActiveCfg = Debug|Any CPU
		{19F1F910-5EB4-42F5-B0B1-8BBA67EABEB5}.Debug|Any CPU.Build.0 = Debug|Any CPU
		{19F1F910-5EB4-42F5-B0B1-8BBA67EABEB5}.Debug|Mixed Platforms.ActiveCfg = Debug|Any CPU
		{19F1F910-5EB4-42F5-B0B1-8BBA67EABEB5}.Debug|Mixed Platforms.Build.0 = Debug|Any CPU
		{19F1F910-5EB4-42F5-B0B1-8BBA67EABEB5}.Debug|x86.ActiveCfg = Debug|Any CPU
		{19F1F910-5EB4-42F5-B0B1-8BBA67EABEB5}.Release|Any CPU.ActiveCfg = Release|Any CPU
		{19F1F910-5EB4-42F5-B0B1-8BBA67EABEB5}.Release|Any CPU.Build.0 = Release|Any CPU
		{19F1F910-5EB4-42F5-B0B1-8BBA67EABEB5}.Release|Mixed Platforms.ActiveCfg = Release|Any CPU
		{19F1F910-5EB4-42F5-B0B1-8BBA67EABEB5}.Release|Mixed Platforms.Build.0 = Release|Any CPU
		{19F1F910-5EB4-42F5-B0B1-8BBA67EABEB5}.Release|x86.ActiveCfg = Release|Any CPU
	EndGlobalSection
	GlobalSection(SolutionProperties) = preSolution
		HideSolutionNode = FALSE
	EndGlobalSection
EndGlobal
