
Microsoft Visual Studio Solution File, Format Version 11.00
# Visual Studio 2010
Project("{FAE04EC0-301F-11D3-BF4B-00C04F79EFBC}") = "ZmqSendFile-PUSHPULL", "ZmqSendFile-PUSHPULL\ZmqSendFile-PUSHPULL.csproj", "{76D92036-5822-4478-8D8B-2844AC9BF92F}"
EndProject
Global
	GlobalSection(SolutionConfigurationPlatforms) = preSolution
		Debug|x86 = Debug|x86
		Release|x86 = Release|x86
	EndGlobalSection
	GlobalSection(ProjectConfigurationPlatforms) = postSolution
		{76D92036-5822-4478-8D8B-2844AC9BF92F}.Debug|x86.ActiveCfg = Debug|x86
		{76D92036-5822-4478-8D8B-2844AC9BF92F}.Debug|x86.Build.0 = Debug|x86
		{76D92036-5822-4478-8D8B-2844AC9BF92F}.Release|x86.ActiveCfg = Release|x86
		{76D92036-5822-4478-8D8B-2844AC9BF92F}.Release|x86.Build.0 = Release|x86
	EndGlobalSection
	GlobalSection(SolutionProperties) = preSolution
		HideSolutionNode = FALSE
	EndGlobalSection
EndGlobal
